
Microsoft Visual Studio Solution File, Format Version 12.00
# Visual Studio 14
VisualStudioVersion = 14.0.23107.0
MinimumVisualStudioVersion = 10.0.40219.1
Project("{FAE04EC0-301F-11D3-BF4B-00C04F79EFBC}") = "DataBaseWorker", "DataBaseWorker\DataBaseWorker.csproj", "{271E5C20-BE3D-4380-B183-30F2CE21F3B6}"
EndProject
Project("{FAE04EC0-301F-11D3-BF4B-00C04F79EFBC}") = "DatabaseParser", "..\..\DatabaseParser\DatabaseParser\DatabaseParser.csproj", "{8F5D620C-1C39-4FBA-B432-30ADDD018631}"
EndProject
Project("{FAE04EC0-301F-11D3-BF4B-00C04F79EFBC}") = "ICommunicationDMDB", "ICommunicationDMDB\ICommunicationDMDB.csproj", "{2D244896-31F4-4A99-8DCE-AA4B13781541}"
EndProject
Project("{FAE04EC0-301F-11D3-BF4B-00C04F79EFBC}") = "DirectCommunication", "DirectCommunication\DirectCommunication.csproj", "{C2AB5866-02C5-444E-AA5A-76683054D676}"
EndProject
Project("{FAE04EC0-301F-11D3-BF4B-00C04F79EFBC}") = "DBExecutor", "DBExecutor\DBExecutor.csproj", "{CA5D604E-B0F7-495D-A29E-23BDD9C60DF4}"
EndProject
Project("{FAE04EC0-301F-11D3-BF4B-00C04F79EFBC}") = "IDataExecutor", "IDataExecutor\IDataExecutor.csproj", "{BC759B64-0D96-4C27-A654-16AC6278ECA7}"
EndProject
Project("{FAE04EC0-301F-11D3-BF4B-00C04F79EFBC}") = "Klient", "Klient\Klient.csproj", "{59B87EAC-BC5B-4CEB-B65A-EEE1D5AE8413}"
EndProject
Project("{FAE04EC0-301F-11D3-BF4B-00C04F79EFBC}") = "TestovaciKlient", "TestovaciKlient\TestovaciKlient.csproj", "{0174D45B-804A-4843-8676-B0B37E099699}"
EndProject
Global
	GlobalSection(SolutionConfigurationPlatforms) = preSolution
		Debug|Any CPU = Debug|Any CPU
		Release|Any CPU = Release|Any CPU
	EndGlobalSection
	GlobalSection(ProjectConfigurationPlatforms) = postSolution
		{271E5C20-BE3D-4380-B183-30F2CE21F3B6}.Debug|Any CPU.ActiveCfg = Debug|Any CPU
		{271E5C20-BE3D-4380-B183-30F2CE21F3B6}.Debug|Any CPU.Build.0 = Debug|Any CPU
		{271E5C20-BE3D-4380-B183-30F2CE21F3B6}.Release|Any CPU.ActiveCfg = Release|Any CPU
		{271E5C20-BE3D-4380-B183-30F2CE21F3B6}.Release|Any CPU.Build.0 = Release|Any CPU
		{8F5D620C-1C39-4FBA-B432-30ADDD018631}.Debug|Any CPU.ActiveCfg = Debug|Any CPU
		{8F5D620C-1C39-4FBA-B432-30ADDD018631}.Debug|Any CPU.Build.0 = Debug|Any CPU
		{8F5D620C-1C39-4FBA-B432-30ADDD018631}.Release|Any CPU.ActiveCfg = Release|Any CPU
		{8F5D620C-1C39-4FBA-B432-30ADDD018631}.Release|Any CPU.Build.0 = Release|Any CPU
		{2D244896-31F4-4A99-8DCE-AA4B13781541}.Debug|Any CPU.ActiveCfg = Debug|Any CPU
		{2D244896-31F4-4A99-8DCE-AA4B13781541}.Debug|Any CPU.Build.0 = Debug|Any CPU
		{2D244896-31F4-4A99-8DCE-AA4B13781541}.Release|Any CPU.ActiveCfg = Release|Any CPU
		{2D244896-31F4-4A99-8DCE-AA4B13781541}.Release|Any CPU.Build.0 = Release|Any CPU
		{C2AB5866-02C5-444E-AA5A-76683054D676}.Debug|Any CPU.ActiveCfg = Debug|Any CPU
		{C2AB5866-02C5-444E-AA5A-76683054D676}.Debug|Any CPU.Build.0 = Debug|Any CPU
		{C2AB5866-02C5-444E-AA5A-76683054D676}.Release|Any CPU.ActiveCfg = Release|Any CPU
		{C2AB5866-02C5-444E-AA5A-76683054D676}.Release|Any CPU.Build.0 = Release|Any CPU
		{CA5D604E-B0F7-495D-A29E-23BDD9C60DF4}.Debug|Any CPU.ActiveCfg = Debug|Any CPU
		{CA5D604E-B0F7-495D-A29E-23BDD9C60DF4}.Debug|Any CPU.Build.0 = Debug|Any CPU
		{CA5D604E-B0F7-495D-A29E-23BDD9C60DF4}.Release|Any CPU.ActiveCfg = Release|Any CPU
		{CA5D604E-B0F7-495D-A29E-23BDD9C60DF4}.Release|Any CPU.Build.0 = Release|Any CPU
		{BC759B64-0D96-4C27-A654-16AC6278ECA7}.Debug|Any CPU.ActiveCfg = Debug|Any CPU
		{BC759B64-0D96-4C27-A654-16AC6278ECA7}.Debug|Any CPU.Build.0 = Debug|Any CPU
		{BC759B64-0D96-4C27-A654-16AC6278ECA7}.Release|Any CPU.ActiveCfg = Release|Any CPU
		{BC759B64-0D96-4C27-A654-16AC6278ECA7}.Release|Any CPU.Build.0 = Release|Any CPU
		{59B87EAC-BC5B-4CEB-B65A-EEE1D5AE8413}.Debug|Any CPU.ActiveCfg = Debug|Any CPU
		{59B87EAC-BC5B-4CEB-B65A-EEE1D5AE8413}.Debug|Any CPU.Build.0 = Debug|Any CPU
		{59B87EAC-BC5B-4CEB-B65A-EEE1D5AE8413}.Release|Any CPU.ActiveCfg = Release|Any CPU
		{59B87EAC-BC5B-4CEB-B65A-EEE1D5AE8413}.Release|Any CPU.Build.0 = Release|Any CPU
		{0174D45B-804A-4843-8676-B0B37E099699}.Debug|Any CPU.ActiveCfg = Debug|Any CPU
		{0174D45B-804A-4843-8676-B0B37E099699}.Debug|Any CPU.Build.0 = Debug|Any CPU
		{0174D45B-804A-4843-8676-B0B37E099699}.Release|Any CPU.ActiveCfg = Release|Any CPU
		{0174D45B-804A-4843-8676-B0B37E099699}.Release|Any CPU.Build.0 = Release|Any CPU
	EndGlobalSection
	GlobalSection(SolutionProperties) = preSolution
		HideSolutionNode = FALSE
	EndGlobalSection
EndGlobal
